<?xml version="1.0" encoding="UTF-8"?>
<Scheme
   LastUpgradeVersion = "0460"
   version = "1.3">
   <BuildAction
      parallelizeBuildables = "YES"
      buildImplicitDependencies = "YES">
      <BuildActionEntries>
         <BuildActionEntry
            buildForTesting = "YES"
            buildForRunning = "YES"
            buildForProfiling = "YES"
            buildForArchiving = "YES"
            buildForAnalyzing = "YES">
            <BuildableReference
               BuildableIdentifier = "primary"
               BlueprintIdentifier = "03E2D92B1951E34D00FE9D85"
               BuildableName = "QuartzCompositionPlayer.app"
               BlueprintName = "QuartzCompositionPlayer"
               ReferencedContainer = "container:QuartzCompositionPlayer.xcodeproj">
            </BuildableReference>
         </BuildActionEntry>
      </BuildActionEntries>
   </BuildAction>
   <TestAction
      selectedDebuggerIdentifier = "Xcode.DebuggerFoundation.Debugger.LLDB"
      selectedLauncherIdentifier = "Xcode.DebuggerFoundation.Launcher.LLDB"
      shouldUseLaunchSchemeArgsEnv = "YES"
      buildConfiguration = "Debug">
      <Testables>
      </Testables>
      <MacroExpansion>
         <BuildableReference
            BuildableIdentifier = "primary"
            BlueprintIdentifier = "03E2D92B1951E34D00FE9D85"
            BuildableName = "QuartzCompositionPlayer.app"
            BlueprintName = "QuartzCompositionPlayer"
            ReferencedContainer = "container:QuartzCompositionPlayer.xcodeproj">
         </BuildableReference>
      </MacroExpansion>
   </TestAction>
   <LaunchAction
      selectedDebuggerIdentifier = "Xcode.DebuggerFoundation.Debugger.LLDB"
      selectedLauncherIdentifier = "Xcode.DebuggerFoundation.Launcher.LLDB"
      launchStyle = "0"
      useCustomWorkingDirectory = "NO"
      buildConfiguration = "Debug"
      ignoresPersistentStateOnLaunch = "NO"
      debugDocumentVersioning = "YES"
      allowLocationSimulation = "YES">
      <BuildableProductRunnable>
         <BuildableReference
            BuildableIdentifier = "primary"
            BlueprintIdentifier = "03E2D92B1951E34D00FE9D85"
            BuildableName = "QuartzCompositionPlayer.app"
            BlueprintName = "QuartzCompositionPlayer"
            ReferencedContainer = "container:QuartzCompositionPlayer.xcodeproj">
         </BuildableReference>
      </BuildableProductRunnable>
      <CommandLineArguments>
         <CommandLineArgument
            argument = "-help"
            isEnabled = "YES">
         </CommandLineArgument>
         <CommandLineArgument
            argument = "-composition"
            isEnabled = "YES">
         </CommandLineArgument>
         <CommandLineArgument
            argument = "&quot;/Users/erik/Development/medienfassade/ShellGame/Quartz Anwendung/shell_game_medienfassade.qtz&quot;"
            isEnabled = "YES">
         </CommandLineArgument>
         <CommandLineArgument
            argument = "-arguments"
            isEnabled = "YES">
         </CommandLineArgument>
         <CommandLineArgument
            argument = "[key1:value1,key2:value2,key3:value3]"
            isEnabled = "YES">
         </CommandLineArgument>
         <CommandLineArgument
            argument = "-window-size"
            isEnabled = "YES">
         </CommandLineArgument>
         <CommandLineArgument
            argument = "1280,360"
            isEnabled = "YES">
         </CommandLineArgument>
      </CommandLineArguments>
      <AdditionalOptions>
      </AdditionalOptions>
   </LaunchAction>
   <ProfileAction
      shouldUseLaunchSchemeArgsEnv = "YES"
      savedToolIdentifier = ""
      useCustomWorkingDirectory = "NO"
      buildConfiguration = "Release"
      debugDocumentVersioning = "YES">
      <BuildableProductRunnable>
         <BuildableReference
            BuildableIdentifier = "primary"
            BlueprintIdentifier = "03E2D92B1951E34D00FE9D85"
            BuildableName = "QuartzCompositionPlayer.app"
            BlueprintName = "QuartzCompositionPlayer"
            ReferencedContainer = "container:QuartzCompositionPlayer.xcodeproj">
         </BuildableReference>
      </BuildableProductRunnable>
   </ProfileAction>
   <AnalyzeAction
      buildConfiguration = "Debug">
   </AnalyzeAction>
   <ArchiveAction
      buildConfiguration = "Release"
      revealArchiveInOrganizer = "YES">
   </ArchiveAction>
</Scheme>
